// !$*UTF8*$!
{
	archiveVersion = 1;
	classes = {
	};
	objectVersion = 48;
	objects = {

/* Begin PBXBuildFile section */
		4842950E1F6F1906006E70C4 /* Hola-Logo.png in Resources */ = {isa = PBXBuildFile; fileRef = 4842950D1F6F1906006E70C4 /* Hola-Logo.png */; };
		488F1D301F6DCDD4008559A8 /* AppDelegate.swift in Sources */ = {isa = PBXBuildFile; fileRef = 488F1D2F1F6DCDD4008559A8 /* AppDelegate.swift */; };
		488F1D321F6DCDD4008559A8 /* DomainViewController.swift in Sources */ = {isa = PBXBuildFile; fileRef = 488F1D311F6DCDD4008559A8 /* DomainViewController.swift */; };
		488F1D341F6DCDD4008559A8 /* WebViewController.swift in Sources */ = {isa = PBXBuildFile; fileRef = 488F1D331F6DCDD4008559A8 /* WebViewController.swift */; };
		488F1D371F6DCDD4008559A8 /* Main.storyboard in Resources */ = {isa = PBXBuildFile; fileRef = 488F1D351F6DCDD4008559A8 /* Main.storyboard */; };
		488F1D391F6DCDD4008559A8 /* Assets.xcassets in Resources */ = {isa = PBXBuildFile; fileRef = 488F1D381F6DCDD4008559A8 /* Assets.xcassets */; };
		488F1D3C1F6DCDD4008559A8 /* LaunchScreen.storyboard in Resources */ = {isa = PBXBuildFile; fileRef = 488F1D3A1F6DCDD4008559A8 /* LaunchScreen.storyboard */; };
		488F1D471F6DCDD4008559A8 /* HolaTests.swift in Sources */ = {isa = PBXBuildFile; fileRef = 488F1D461F6DCDD4008559A8 /* HolaTests.swift */; };
		488F1D521F6DCDD4008559A8 /* HolaUITests.swift in Sources */ = {isa = PBXBuildFile; fileRef = 488F1D511F6DCDD4008559A8 /* HolaUITests.swift */; };
/* End PBXBuildFile section */

/* Begin PBXContainerItemProxy section */
		488F1D431F6DCDD4008559A8 /* PBXContainerItemProxy */ = {
			isa = PBXContainerItemProxy;
			containerPortal = 488F1D241F6DCDD4008559A8 /* Project object */;
			proxyType = 1;
			remoteGlobalIDString = 488F1D2B1F6DCDD4008559A8;
			remoteInfo = Hola;
		};
		488F1D4E1F6DCDD4008559A8 /* PBXContainerItemProxy */ = {
			isa = PBXContainerItemProxy;
			containerPortal = 488F1D241F6DCDD4008559A8 /* Project object */;
			proxyType = 1;
			remoteGlobalIDString = 488F1D2B1F6DCDD4008559A8;
			remoteInfo = Hola;
		};
/* End PBXContainerItemProxy section */

/* Begin PBXFileReference section */
		4842950D1F6F1906006E70C4 /* Hola-Logo.png */ = {isa = PBXFileReference; lastKnownFileType = image.png; path = "Hola-Logo.png"; sourceTree = "<group>"; };
		488F1D2C1F6DCDD4008559A8 /* Hola.app */ = {isa = PBXFileReference; explicitFileType = wrapper.application; includeInIndex = 0; path = Hola.app; sourceTree = BUILT_PRODUCTS_DIR; };
		488F1D2F1F6DCDD4008559A8 /* AppDelegate.swift */ = {isa = PBXFileReference; lastKnownFileType = sourcecode.swift; path = AppDelegate.swift; sourceTree = "<group>"; };
		488F1D311F6DCDD4008559A8 /* DomainViewController.swift */ = {isa = PBXFileReference; lastKnownFileType = sourcecode.swift; path = DomainViewController.swift; sourceTree = "<group>"; };
		488F1D331F6DCDD4008559A8 /* WebViewController.swift */ = {isa = PBXFileReference; lastKnownFileType = sourcecode.swift; path = WebViewController.swift; sourceTree = "<group>"; };
		488F1D361F6DCDD4008559A8 /* Base */ = {isa = PBXFileReference; lastKnownFileType = file.storyboard; name = Base; path = Base.lproj/Main.storyboard; sourceTree = "<group>"; };
		488F1D381F6DCDD4008559A8 /* Assets.xcassets */ = {isa = PBXFileReference; lastKnownFileType = folder.assetcatalog; path = Assets.xcassets; sourceTree = "<group>"; };
		488F1D3B1F6DCDD4008559A8 /* Base */ = {isa = PBXFileReference; lastKnownFileType = file.storyboard; name = Base; path = Base.lproj/LaunchScreen.storyboard; sourceTree = "<group>"; };
		488F1D3D1F6DCDD4008559A8 /* Info.plist */ = {isa = PBXFileReference; lastKnownFileType = text.plist.xml; path = Info.plist; sourceTree = "<group>"; };
		488F1D421F6DCDD4008559A8 /* HolaTests.xctest */ = {isa = PBXFileReference; explicitFileType = wrapper.cfbundle; includeInIndex = 0; path = HolaTests.xctest; sourceTree = BUILT_PRODUCTS_DIR; };
		488F1D461F6DCDD4008559A8 /* HolaTests.swift */ = {isa = PBXFileReference; lastKnownFileType = sourcecode.swift; path = HolaTests.swift; sourceTree = "<group>"; };
		488F1D481F6DCDD4008559A8 /* Info.plist */ = {isa = PBXFileReference; lastKnownFileType = text.plist.xml; path = Info.plist; sourceTree = "<group>"; };
		488F1D4D1F6DCDD4008559A8 /* HolaUITests.xctest */ = {isa = PBXFileReference; explicitFileType = wrapper.cfbundle; includeInIndex = 0; path = HolaUITests.xctest; sourceTree = BUILT_PRODUCTS_DIR; };
		488F1D511F6DCDD4008559A8 /* HolaUITests.swift */ = {isa = PBXFileReference; lastKnownFileType = sourcecode.swift; path = HolaUITests.swift; sourceTree = "<group>"; };
		488F1D531F6DCDD4008559A8 /* Info.plist */ = {isa = PBXFileReference; lastKnownFileType = text.plist.xml; path = Info.plist; sourceTree = "<group>"; };
/* End PBXFileReference section */

/* Begin PBXFrameworksBuildPhase section */
		488F1D291F6DCDD4008559A8 /* Frameworks */ = {
			isa = PBXFrameworksBuildPhase;
			buildActionMask = 2147483647;
			files = (
			);
			runOnlyForDeploymentPostprocessing = 0;
		};
		488F1D3F1F6DCDD4008559A8 /* Frameworks */ = {
			isa = PBXFrameworksBuildPhase;
			buildActionMask = 2147483647;
			files = (
			);
			runOnlyForDeploymentPostprocessing = 0;
		};
		488F1D4A1F6DCDD4008559A8 /* Frameworks */ = {
			isa = PBXFrameworksBuildPhase;
			buildActionMask = 2147483647;
			files = (
			);
			runOnlyForDeploymentPostprocessing = 0;
		};
/* End PBXFrameworksBuildPhase section */

/* Begin PBXGroup section */
		488F1D231F6DCDD4008559A8 = {
			isa = PBXGroup;
			children = (
				488F1D2E1F6DCDD4008559A8 /* Hola */,
				488F1D451F6DCDD4008559A8 /* HolaTests */,
				488F1D501F6DCDD4008559A8 /* HolaUITests */,
				488F1D2D1F6DCDD4008559A8 /* Products */,
			);
			sourceTree = "<group>";
		};
		488F1D2D1F6DCDD4008559A8 /* Products */ = {
			isa = PBXGroup;
			children = (
				488F1D2C1F6DCDD4008559A8 /* Hola.app */,
				488F1D421F6DCDD4008559A8 /* HolaTests.xctest */,
				488F1D4D1F6DCDD4008559A8 /* HolaUITests.xctest */,
			);
			name = Products;
			sourceTree = "<group>";
		};
		488F1D2E1F6DCDD4008559A8 /* Hola */ = {
			isa = PBXGroup;
			children = (
				488F1D2F1F6DCDD4008559A8 /* AppDelegate.swift */,
				488F1D311F6DCDD4008559A8 /* DomainViewController.swift */,
				488F1D331F6DCDD4008559A8 /* WebViewController.swift */,
				488F1D351F6DCDD4008559A8 /* Main.storyboard */,
				488F1D381F6DCDD4008559A8 /* Assets.xcassets */,
				4842950D1F6F1906006E70C4 /* Hola-Logo.png */,
				488F1D3A1F6DCDD4008559A8 /* LaunchScreen.storyboard */,
				488F1D3D1F6DCDD4008559A8 /* Info.plist */,
			);
			path = Hola;
			sourceTree = "<group>";
		};
		488F1D451F6DCDD4008559A8 /* HolaTests */ = {
			isa = PBXGroup;
			children = (
				488F1D461F6DCDD4008559A8 /* HolaTests.swift */,
				488F1D481F6DCDD4008559A8 /* Info.plist */,
			);
			path = HolaTests;
			sourceTree = "<group>";
		};
		488F1D501F6DCDD4008559A8 /* HolaUITests */ = {
			isa = PBXGroup;
			children = (
				488F1D511F6DCDD4008559A8 /* HolaUITests.swift */,
				488F1D531F6DCDD4008559A8 /* Info.plist */,
			);
			path = HolaUITests;
			sourceTree = "<group>";
		};
/* End PBXGroup section */

/* Begin PBXNativeTarget section */
		488F1D2B1F6DCDD4008559A8 /* Hola */ = {
			isa = PBXNativeTarget;
			buildConfigurationList = 488F1D561F6DCDD4008559A8 /* Build configuration list for PBXNativeTarget "Hola" */;
			buildPhases = (
				488F1D281F6DCDD4008559A8 /* Sources */,
				488F1D291F6DCDD4008559A8 /* Frameworks */,
				488F1D2A1F6DCDD4008559A8 /* Resources */,
			);
			buildRules = (
			);
			dependencies = (
			);
			name = Hola;
			productName = Hola;
			productReference = 488F1D2C1F6DCDD4008559A8 /* Hola.app */;
			productType = "com.apple.product-type.application";
		};
		488F1D411F6DCDD4008559A8 /* HolaTests */ = {
			isa = PBXNativeTarget;
			buildConfigurationList = 488F1D591F6DCDD4008559A8 /* Build configuration list for PBXNativeTarget "HolaTests" */;
			buildPhases = (
				488F1D3E1F6DCDD4008559A8 /* Sources */,
				488F1D3F1F6DCDD4008559A8 /* Frameworks */,
				488F1D401F6DCDD4008559A8 /* Resources */,
			);
			buildRules = (
			);
			dependencies = (
				488F1D441F6DCDD4008559A8 /* PBXTargetDependency */,
			);
			name = HolaTests;
			productName = HolaTests;
			productReference = 488F1D421F6DCDD4008559A8 /* HolaTests.xctest */;
			productType = "com.apple.product-type.bundle.unit-test";
		};
		488F1D4C1F6DCDD4008559A8 /* HolaUITests */ = {
			isa = PBXNativeTarget;
			buildConfigurationList = 488F1D5C1F6DCDD4008559A8 /* Build configuration list for PBXNativeTarget "HolaUITests" */;
			buildPhases = (
				488F1D491F6DCDD4008559A8 /* Sources */,
				488F1D4A1F6DCDD4008559A8 /* Frameworks */,
				488F1D4B1F6DCDD4008559A8 /* Resources */,
			);
			buildRules = (
			);
			dependencies = (
				488F1D4F1F6DCDD4008559A8 /* PBXTargetDependency */,
			);
			name = HolaUITests;
			productName = HolaUITests;
			productReference = 488F1D4D1F6DCDD4008559A8 /* HolaUITests.xctest */;
			productType = "com.apple.product-type.bundle.ui-testing";
		};
/* End PBXNativeTarget section */

/* Begin PBXProject section */
		488F1D241F6DCDD4008559A8 /* Project object */ = {
			isa = PBXProject;
			attributes = {
				LastSwiftUpdateCheck = 0830;
				LastUpgradeCheck = 0900;
				ORGANIZATIONNAME = "Alexandria Software";
				TargetAttributes = {
					488F1D2B1F6DCDD4008559A8 = {
						CreatedOnToolsVersion = 8.3.3;
						DevelopmentTeam = K2672N7845;
						LastSwiftMigration = 0900;
						ProvisioningStyle = Automatic;
					};
					488F1D411F6DCDD4008559A8 = {
						CreatedOnToolsVersion = 8.3.3;
						DevelopmentTeam = K2672N7845;
						ProvisioningStyle = Automatic;
						TestTargetID = 488F1D2B1F6DCDD4008559A8;
					};
					488F1D4C1F6DCDD4008559A8 = {
						CreatedOnToolsVersion = 8.3.3;
						DevelopmentTeam = K2672N7845;
						ProvisioningStyle = Automatic;
						TestTargetID = 488F1D2B1F6DCDD4008559A8;
					};
				};
			};
			buildConfigurationList = 488F1D271F6DCDD4008559A8 /* Build configuration list for PBXProject "Hola" */;
			compatibilityVersion = "Xcode 8.0";
			developmentRegion = English;
			hasScannedForEncodings = 0;
			knownRegions = (
				en,
				Base,
			);
			mainGroup = 488F1D231F6DCDD4008559A8;
			productRefGroup = 488F1D2D1F6DCDD4008559A8 /* Products */;
			projectDirPath = "";
			projectRoot = "";
			targets = (
				488F1D2B1F6DCDD4008559A8 /* Hola */,
				488F1D411F6DCDD4008559A8 /* HolaTests */,
				488F1D4C1F6DCDD4008559A8 /* HolaUITests */,
			);
		};
/* End PBXProject section */

/* Begin PBXResourcesBuildPhase section */
		488F1D2A1F6DCDD4008559A8 /* Resources */ = {
			isa = PBXResourcesBuildPhase;
			buildActionMask = 2147483647;
			files = (
				4842950E1F6F1906006E70C4 /* Hola-Logo.png in Resources */,
				488F1D3C1F6DCDD4008559A8 /* LaunchScreen.storyboard in Resources */,
				488F1D391F6DCDD4008559A8 /* Assets.xcassets in Resources */,
				488F1D371F6DCDD4008559A8 /* Main.storyboard in Resources */,
			);
			runOnlyForDeploymentPostprocessing = 0;
		};
		488F1D401F6DCDD4008559A8 /* Resources */ = {
			isa = PBXResourcesBuildPhase;
			buildActionMask = 2147483647;
			files = (
			);
			runOnlyForDeploymentPostprocessing = 0;
		};
		488F1D4B1F6DCDD4008559A8 /* Resources */ = {
			isa = PBXResourcesBuildPhase;
			buildActionMask = 2147483647;
			files = (
			);
			runOnlyForDeploymentPostprocessing = 0;
		};
/* End PBXResourcesBuildPhase section */

/* Begin PBXSourcesBuildPhase section */
		488F1D281F6DCDD4008559A8 /* Sources */ = {
			isa = PBXSourcesBuildPhase;
			buildActionMask = 2147483647;
			files = (
				488F1D341F6DCDD4008559A8 /* WebViewController.swift in Sources */,
				488F1D321F6DCDD4008559A8 /* DomainViewController.swift in Sources */,
				488F1D301F6DCDD4008559A8 /* AppDelegate.swift in Sources */,
			);
			runOnlyForDeploymentPostprocessing = 0;
		};
		488F1D3E1F6DCDD4008559A8 /* Sources */ = {
			isa = PBXSourcesBuildPhase;
			buildActionMask = 2147483647;
			files = (
				488F1D471F6DCDD4008559A8 /* HolaTests.swift in Sources */,
			);
			runOnlyForDeploymentPostprocessing = 0;
		};
		488F1D491F6DCDD4008559A8 /* Sources */ = {
			isa = PBXSourcesBuildPhase;
			buildActionMask = 2147483647;
			files = (
				488F1D521F6DCDD4008559A8 /* HolaUITests.swift in Sources */,
			);
			runOnlyForDeploymentPostprocessing = 0;
		};
/* End PBXSourcesBuildPhase section */

/* Begin PBXTargetDependency section */
		488F1D441F6DCDD4008559A8 /* PBXTargetDependency */ = {
			isa = PBXTargetDependency;
			target = 488F1D2B1F6DCDD4008559A8 /* Hola */;
			targetProxy = 488F1D431F6DCDD4008559A8 /* PBXContainerItemProxy */;
		};
		488F1D4F1F6DCDD4008559A8 /* PBXTargetDependency */ = {
			isa = PBXTargetDependency;
			target = 488F1D2B1F6DCDD4008559A8 /* Hola */;
			targetProxy = 488F1D4E1F6DCDD4008559A8 /* PBXContainerItemProxy */;
		};
/* End PBXTargetDependency section */

/* Begin PBXVariantGroup section */
		488F1D351F6DCDD4008559A8 /* Main.storyboard */ = {
			isa = PBXVariantGroup;
			children = (
				488F1D361F6DCDD4008559A8 /* Base */,
			);
			name = Main.storyboard;
			sourceTree = "<group>";
		};
		488F1D3A1F6DCDD4008559A8 /* LaunchScreen.storyboard */ = {
			isa = PBXVariantGroup;
			children = (
				488F1D3B1F6DCDD4008559A8 /* Base */,
			);
			name = LaunchScreen.storyboard;
			sourceTree = "<group>";
		};
/* End PBXVariantGroup section */

/* Begin XCBuildConfiguration section */
		488F1D541F6DCDD4008559A8 /* Debug */ = {
			isa = XCBuildConfiguration;
			buildSettings = {
				ALWAYS_SEARCH_USER_PATHS = NO;
				CLANG_ANALYZER_NONNULL = YES;
				CLANG_ANALYZER_NUMBER_OBJECT_CONVERSION = YES_AGGRESSIVE;
				CLANG_CXX_LANGUAGE_STANDARD = "gnu++0x";
				CLANG_CXX_LIBRARY = "libc++";
				CLANG_ENABLE_MODULES = YES;
				CLANG_ENABLE_OBJC_ARC = YES;
				CLANG_WARN_BLOCK_CAPTURE_AUTORELEASING = YES;
				CLANG_WARN_BOOL_CONVERSION = YES;
				CLANG_WARN_COMMA = YES;
				CLANG_WARN_CONSTANT_CONVERSION = YES;
				CLANG_WARN_DIRECT_OBJC_ISA_USAGE = YES_ERROR;
				CLANG_WARN_DOCUMENTATION_COMMENTS = YES;
				CLANG_WARN_EMPTY_BODY = YES;
				CLANG_WARN_ENUM_CONVERSION = YES;
				CLANG_WARN_INFINITE_RECURSION = YES;
				CLANG_WARN_INT_CONVERSION = YES;
				CLANG_WARN_NON_LITERAL_NULL_CONVERSION = YES;
				CLANG_WARN_OBJC_LITERAL_CONVERSION = YES;
				CLANG_WARN_OBJC_ROOT_CLASS = YES_ERROR;
				CLANG_WARN_RANGE_LOOP_ANALYSIS = YES;
				CLANG_WARN_STRICT_PROTOTYPES = YES;
				CLANG_WARN_SUSPICIOUS_MOVE = YES;
				CLANG_WARN_UNREACHABLE_CODE = YES;
				CLANG_WARN__DUPLICATE_METHOD_MATCH = YES;
				"CODE_SIGN_IDENTITY[sdk=iphoneos*]" = "iPhone Developer";
				COPY_PHASE_STRIP = NO;
				DEBUG_INFORMATION_FORMAT = dwarf;
				ENABLE_STRICT_OBJC_MSGSEND = YES;
				ENABLE_TESTABILITY = YES;
				GCC_C_LANGUAGE_STANDARD = gnu99;
				GCC_DYNAMIC_NO_PIC = NO;
				GCC_NO_COMMON_BLOCKS = YES;
				GCC_OPTIMIZATION_LEVEL = 0;
				GCC_PREPROCESSOR_DEFINITIONS = (
					"DEBUG=1",
					"$(inherited)",
				);
				GCC_WARN_64_TO_32_BIT_CONVERSION = YES;
				GCC_WARN_ABOUT_RETURN_TYPE = YES_ERROR;
				GCC_WARN_UNDECLARED_SELECTOR = YES;
				GCC_WARN_UNINITIALIZED_AUTOS = YES_AGGRESSIVE;
				GCC_WARN_UNUSED_FUNCTION = YES;
				GCC_WARN_UNUSED_VARIABLE = YES;
				IPHONEOS_DEPLOYMENT_TARGET = 10.3;
				MTL_ENABLE_DEBUG_INFO = YES;
				ONLY_ACTIVE_ARCH = YES;
				SDKROOT = iphoneos;
				SWIFT_ACTIVE_COMPILATION_CONDITIONS = DEBUG;
				SWIFT_OPTIMIZATION_LEVEL = "-Onone";
				TARGETED_DEVICE_FAMILY = "1,2";
			};
			name = Debug;
		};
		488F1D551F6DCDD4008559A8 /* Release */ = {
			isa = XCBuildConfiguration;
			buildSettings = {
				ALWAYS_SEARCH_USER_PATHS = NO;
				CLANG_ANALYZER_NONNULL = YES;
				CLANG_ANALYZER_NUMBER_OBJECT_CONVERSION = YES_AGGRESSIVE;
				CLANG_CXX_LANGUAGE_STANDARD = "gnu++0x";
				CLANG_CXX_LIBRARY = "libc++";
				CLANG_ENABLE_MODULES = YES;
				CLANG_ENABLE_OBJC_ARC = YES;
				CLANG_WARN_BLOCK_CAPTURE_AUTORELEASING = YES;
				CLANG_WARN_BOOL_CONVERSION = YES;
				CLANG_WARN_COMMA = YES;
				CLANG_WARN_CONSTANT_CONVERSION = YES;
				CLANG_WARN_DIRECT_OBJC_ISA_USAGE = YES_ERROR;
				CLANG_WARN_DOCUMENTATION_COMMENTS = YES;
				CLANG_WARN_EMPTY_BODY = YES;
				CLANG_WARN_ENUM_CONVERSION = YES;
				CLANG_WARN_INFINITE_RECURSION = YES;
				CLANG_WARN_INT_CONVERSION = YES;
				CLANG_WARN_NON_LITERAL_NULL_CONVERSION = YES;
				CLANG_WARN_OBJC_LITERAL_CONVERSION = YES;
				CLANG_WARN_OBJC_ROOT_CLASS = YES_ERROR;
				CLANG_WARN_RANGE_LOOP_ANALYSIS = YES;
				CLANG_WARN_STRICT_PROTOTYPES = YES;
				CLANG_WARN_SUSPICIOUS_MOVE = YES;
				CLANG_WARN_UNREACHABLE_CODE = YES;
				CLANG_WARN__DUPLICATE_METHOD_MATCH = YES;
				"CODE_SIGN_IDENTITY[sdk=iphoneos*]" = "iPhone Developer";
				COPY_PHASE_STRIP = NO;
				DEBUG_INFORMATION_FORMAT = "dwarf-with-dsym";
				ENABLE_NS_ASSERTIONS = NO;
				ENABLE_STRICT_OBJC_MSGSEND = YES;
				GCC_C_LANGUAGE_STANDARD = gnu99;
				GCC_NO_COMMON_BLOCKS = YES;
				GCC_WARN_64_TO_32_BIT_CONVERSION = YES;
				GCC_WARN_ABOUT_RETURN_TYPE = YES_ERROR;
				GCC_WARN_UNDECLARED_SELECTOR = YES;
				GCC_WARN_UNINITIALIZED_AUTOS = YES_AGGRESSIVE;
				GCC_WARN_UNUSED_FUNCTION = YES;
				GCC_WARN_UNUSED_VARIABLE = YES;
				IPHONEOS_DEPLOYMENT_TARGET = 10.3;
				MTL_ENABLE_DEBUG_INFO = NO;
				SDKROOT = iphoneos;
				SWIFT_OPTIMIZATION_LEVEL = "-Owholemodule";
				TARGETED_DEVICE_FAMILY = "1,2";
				VALIDATE_PRODUCT = YES;
			};
			name = Release;
		};
		488F1D571F6DCDD4008559A8 /* Debug */ = {
			isa = XCBuildConfiguration;
			buildSettings = {
				ASSETCATALOG_COMPILER_APPICON_NAME = AppIcon;
				DEVELOPMENT_TEAM = K2672N7845;
				INFOPLIST_FILE = Hola/Info.plist;
				IPHONEOS_DEPLOYMENT_TARGET = 9.3;
				LD_RUNPATH_SEARCH_PATHS = "$(inherited) @executable_path/Frameworks";
				PRODUCT_BUNDLE_IDENTIFIER = com.alexandriasoftware.hola;
				PRODUCT_NAME = "$(TARGET_NAME)";
				SWIFT_SWIFT3_OBJC_INFERENCE = Default;
				SWIFT_VERSION = 4.0;
			};
			name = Debug;
		};
		488F1D581F6DCDD4008559A8 /* Release */ = {
			isa = XCBuildConfiguration;
			buildSettings = {
				ASSETCATALOG_COMPILER_APPICON_NAME = AppIcon;
				DEVELOPMENT_TEAM = K2672N7845;
				INFOPLIST_FILE = Hola/Info.plist;
				IPHONEOS_DEPLOYMENT_TARGET = 9.3;
				LD_RUNPATH_SEARCH_PATHS = "$(inherited) @executable_path/Frameworks";
				PRODUCT_BUNDLE_IDENTIFIER = com.alexandriasoftware.hola;
				PRODUCT_NAME = "$(TARGET_NAME)";
				SWIFT_SWIFT3_OBJC_INFERENCE = Default;
				SWIFT_VERSION = 4.0;
			};
			name = Release;
		};
		488F1D5A1F6DCDD4008559A8 /* Debug */ = {
			isa = XCBuildConfiguration;
			buildSettings = {
				ALWAYS_EMBED_SWIFT_STANDARD_LIBRARIES = YES;
				BUNDLE_LOADER = "$(TEST_HOST)";
				DEVELOPMENT_TEAM = K2672N7845;
				INFOPLIST_FILE = HolaTests/Info.plist;
				LD_RUNPATH_SEARCH_PATHS = "$(inherited) @executable_path/Frameworks @loader_path/Frameworks";
				PRODUCT_BUNDLE_IDENTIFIER = com.alexandriasoftware.HolaTests;
				PRODUCT_NAME = "$(TARGET_NAME)";
				SWIFT_VERSION = 3.0;
				TEST_HOST = "$(BUILT_PRODUCTS_DIR)/Hola.app/Hola";
			};
			name = Debug;
		};
		488F1D5B1F6DCDD4008559A8 /* Release */ = {
			isa = XCBuildConfiguration;
			buildSettings = {
				ALWAYS_EMBED_SWIFT_STANDARD_LIBRARIES = YES;
				BUNDLE_LOADER = "$(TEST_HOST)";
				DEVELOPMENT_TEAM = K2672N7845;
				INFOPLIST_FILE = HolaTests/Info.plist;
				LD_RUNPATH_SEARCH_PATHS = "$(inherited) @executable_path/Frameworks @loader_path/Frameworks";
				PRODUCT_BUNDLE_IDENTIFIER = com.alexandriasoftware.HolaTests;
				PRODUCT_NAME = "$(TARGET_NAME)";
				SWIFT_VERSION = 3.0;
				TEST_HOST = "$(BUILT_PRODUCTS_DIR)/Hola.app/Hola";
			};
			name = Release;
		};
		488F1D5D1F6DCDD4008559A8 /* Debug */ = {
			isa = XCBuildConfiguration;
			buildSettings = {
				ALWAYS_EMBED_SWIFT_STANDARD_LIBRARIES = YES;
				DEVELOPMENT_TEAM = K2672N7845;
				INFOPLIST_FILE = HolaUITests/Info.plist;
				LD_RUNPATH_SEARCH_PATHS = "$(inherited) @executable_path/Frameworks @loader_path/Frameworks";
				PRODUCT_BUNDLE_IDENTIFIER = com.alexandriasoftware.HolaUITests;
				PRODUCT_NAME = "$(TARGET_NAME)";
				SWIFT_VERSION = 3.0;
				TEST_TARGET_NAME = Hola;
			};
			name = Debug;
		};
		488F1D5E1F6DCDD4008559A8 /* Release */ = {
			isa = XCBuildConfiguration;
			buildSettings = {
				ALWAYS_EMBED_SWIFT_STANDARD_LIBRARIES = YES;
				DEVELOPMENT_TEAM = K2672N7845;
				INFOPLIST_FILE = HolaUITests/Info.plist;
				LD_RUNPATH_SEARCH_PATHS = "$(inherited) @executable_path/Frameworks @loader_path/Frameworks";
				PRODUCT_BUNDLE_IDENTIFIER = com.alexandriasoftware.HolaUITests;
				PRODUCT_NAME = "$(TARGET_NAME)";
				SWIFT_VERSION = 3.0;
				TEST_TARGET_NAME = Hola;
			};
			name = Release;
		};
/* End XCBuildConfiguration section */

/* Begin XCConfigurationList section */
		488F1D271F6DCDD4008559A8 /* Build configuration list for PBXProject "Hola" */ = {
			isa = XCConfigurationList;
			buildConfigurations = (
				488F1D541F6DCDD4008559A8 /* Debug */,
				488F1D551F6DCDD4008559A8 /* Release */,
			);
			defaultConfigurationIsVisible = 0;
			defaultConfigurationName = Release;
		};
		488F1D561F6DCDD4008559A8 /* Build configuration list for PBXNativeTarget "Hola" */ = {
			isa = XCConfigurationList;
			buildConfigurations = (
				488F1D571F6DCDD4008559A8 /* Debug */,
				488F1D581F6DCDD4008559A8 /* Release */,
			);
			defaultConfigurationIsVisible = 0;
			defaultConfigurationName = Release;
		};
		488F1D591F6DCDD4008559A8 /* Build configuration list for PBXNativeTarget "HolaTests" */ = {
			isa = XCConfigurationList;
			buildConfigurations = (
				488F1D5A1F6DCDD4008559A8 /* Debug */,
				488F1D5B1F6DCDD4008559A8 /* Release */,
			);
			defaultConfigurationIsVisible = 0;
			defaultConfigurationName = Release;
		};
		488F1D5C1F6DCDD4008559A8 /* Build configuration list for PBXNativeTarget "HolaUITests" */ = {
			isa = XCConfigurationList;
			buildConfigurations = (
				488F1D5D1F6DCDD4008559A8 /* Debug */,
				488F1D5E1F6DCDD4008559A8 /* Release */,
			);
			defaultConfigurationIsVisible = 0;
			defaultConfigurationName = Release;
		};
/* End XCConfigurationList section */
	};
	rootObject = 488F1D241F6DCDD4008559A8 /* Project object */;
}
